
Microsoft Visual Studio Solution File, Format Version 12.00
# Visual Studio 15
VisualStudioVersion = 15.0.26730.12
MinimumVisualStudioVersion = 10.0.40219.1
Project("{FAE04EC0-301F-11D3-BF4B-00C04F79EFBC}") = "2dArray", "2dArray\2dArray.csproj", "{C8B5B23C-72FB-4BD7-8595-02DEDC0F8FAD}"
EndProject
Global
	GlobalSection(SolutionConfigurationPlatforms) = preSolution
		Debug|Any CPU = Debug|Any CPU
		Release|Any CPU = Release|Any CPU
	EndGlobalSection
	GlobalSection(ProjectConfigurationPlatforms) = postSolution
		{C8B5B23C-72FB-4BD7-8595-02DEDC0F8FAD}.Debug|Any CPU.ActiveCfg = Debug|Any CPU
		{C8B5B23C-72FB-4BD7-8595-02DEDC0F8FAD}.Debug|Any CPU.Build.0 = Debug|Any CPU
		{C8B5B23C-72FB-4BD7-8595-02DEDC0F8FAD}.Release|Any CPU.ActiveCfg = Release|Any CPU
		{C8B5B23C-72FB-4BD7-8595-02DEDC0F8FAD}.Release|Any CPU.Build.0 = Release|Any CPU
	EndGlobalSection
	GlobalSection(SolutionProperties) = preSolution
		HideSolutionNode = FALSE
	EndGlobalSection
	GlobalSection(ExtensibilityGlobals) = postSolution
		SolutionGuid = {951DE641-3691-4AC5-BF9A-B1920880E9F7}
	EndGlobalSection
EndGlobal
