
Microsoft Visual Studio Solution File, Format Version 12.00
# Visual Studio 15
VisualStudioVersion = 15.0.26730.12
MinimumVisualStudioVersion = 10.0.40219.1
Project("{FAE04EC0-301F-11D3-BF4B-00C04F79EFBC}") = "fib", "fib\fib.csproj", "{21CCDEC0-966A-454D-8971-4DE2E35D0FAC}"
EndProject
Global
	GlobalSection(SolutionConfigurationPlatforms) = preSolution
		Debug|Any CPU = Debug|Any CPU
		Release|Any CPU = Release|Any CPU
	EndGlobalSection
	GlobalSection(ProjectConfigurationPlatforms) = postSolution
		{21CCDEC0-966A-454D-8971-4DE2E35D0FAC}.Debug|Any CPU.ActiveCfg = Debug|Any CPU
		{21CCDEC0-966A-454D-8971-4DE2E35D0FAC}.Debug|Any CPU.Build.0 = Debug|Any CPU
		{21CCDEC0-966A-454D-8971-4DE2E35D0FAC}.Release|Any CPU.ActiveCfg = Release|Any CPU
		{21CCDEC0-966A-454D-8971-4DE2E35D0FAC}.Release|Any CPU.Build.0 = Release|Any CPU
	EndGlobalSection
	GlobalSection(SolutionProperties) = preSolution
		HideSolutionNode = FALSE
	EndGlobalSection
	GlobalSection(ExtensibilityGlobals) = postSolution
		SolutionGuid = {2DE415C4-1691-4512-A5EE-99AC03DA3F9B}
	EndGlobalSection
EndGlobal
