
Microsoft Visual Studio Solution File, Format Version 12.00
# Visual Studio 15
VisualStudioVersion = 15.0.26730.12
MinimumVisualStudioVersion = 10.0.40219.1
Project("{FAE04EC0-301F-11D3-BF4B-00C04F79EFBC}") = "BSTGame", "BSTGame\BSTGame.csproj", "{ED45C2E4-6F39-458F-BAAE-90B18D636029}"
EndProject
Global
	GlobalSection(SolutionConfigurationPlatforms) = preSolution
		Debug|Any CPU = Debug|Any CPU
		Release|Any CPU = Release|Any CPU
	EndGlobalSection
	GlobalSection(ProjectConfigurationPlatforms) = postSolution
		{ED45C2E4-6F39-458F-BAAE-90B18D636029}.Debug|Any CPU.ActiveCfg = Debug|Any CPU
		{ED45C2E4-6F39-458F-BAAE-90B18D636029}.Debug|Any CPU.Build.0 = Debug|Any CPU
		{ED45C2E4-6F39-458F-BAAE-90B18D636029}.Release|Any CPU.ActiveCfg = Release|Any CPU
		{ED45C2E4-6F39-458F-BAAE-90B18D636029}.Release|Any CPU.Build.0 = Release|Any CPU
	EndGlobalSection
	GlobalSection(SolutionProperties) = preSolution
		HideSolutionNode = FALSE
	EndGlobalSection
	GlobalSection(ExtensibilityGlobals) = postSolution
		SolutionGuid = {40AB43DD-5DCC-42FE-AE53-E5D2AAC33D40}
	EndGlobalSection
EndGlobal
