
Microsoft Visual Studio Solution File, Format Version 12.00
# Visual Studio 15
VisualStudioVersion = 15.0.26730.12
MinimumVisualStudioVersion = 10.0.40219.1
Project("{9A19103F-16F7-4668-BE54-9A1E7A4F7556}") = "stack_queue", "stack_queue\stack_queue.csproj", "{B7B356CB-78C4-40D5-84F0-3F8D5B0409BA}"
EndProject
Global
	GlobalSection(SolutionConfigurationPlatforms) = preSolution
		Debug|Any CPU = Debug|Any CPU
		Release|Any CPU = Release|Any CPU
	EndGlobalSection
	GlobalSection(ProjectConfigurationPlatforms) = postSolution
		{B7B356CB-78C4-40D5-84F0-3F8D5B0409BA}.Debug|Any CPU.ActiveCfg = Debug|Any CPU
		{B7B356CB-78C4-40D5-84F0-3F8D5B0409BA}.Debug|Any CPU.Build.0 = Debug|Any CPU
		{B7B356CB-78C4-40D5-84F0-3F8D5B0409BA}.Release|Any CPU.ActiveCfg = Release|Any CPU
		{B7B356CB-78C4-40D5-84F0-3F8D5B0409BA}.Release|Any CPU.Build.0 = Release|Any CPU
	EndGlobalSection
	GlobalSection(SolutionProperties) = preSolution
		HideSolutionNode = FALSE
	EndGlobalSection
	GlobalSection(ExtensibilityGlobals) = postSolution
		SolutionGuid = {17655944-EBA5-4F23-8234-F4BCDB475C65}
	EndGlobalSection
EndGlobal
